// !$*UTF8*$!
{
	archiveVersion = 1;
	classes = {
	};
	objectVersion = 46;
	objects = {

/* Begin PBXBuildFile section */
		4FE6A4CA1EB9D8CF00F34F4C /* main.m in Sources */ = {isa = PBXBuildFile; fileRef = 4FE6A4C91EB9D8CF00F34F4C /* main.m */; };
		4FE6A4CD1EB9D8CF00F34F4C /* AppDelegate.m in Sources */ = {isa = PBXBuildFile; fileRef = 4FE6A4CC1EB9D8CF00F34F4C /* AppDelegate.m */; };
		4FE6A4D01EB9D8CF00F34F4C /* ViewController.m in Sources */ = {isa = PBXBuildFile; fileRef = 4FE6A4CF1EB9D8CF00F34F4C /* ViewController.m */; };
		4FE6A4D31EB9D8CF00F34F4C /* Main.storyboard in Resources */ = {isa = PBXBuildFile; fileRef = 4FE6A4D11EB9D8CF00F34F4C /* Main.storyboard */; };
		4FE6A4D51EB9D8CF00F34F4C /* Assets.xcassets in Resources */ = {isa = PBXBuildFile; fileRef = 4FE6A4D41EB9D8CF00F34F4C /* Assets.xcassets */; };
		4FE6A4D81EB9D8CF00F34F4C /* LaunchScreen.storyboard in Resources */ = {isa = PBXBuildFile; fileRef = 4FE6A4D61EB9D8CF00F34F4C /* LaunchScreen.storyboard */; };
		4FE6A4E21EB9D94400F34F4C /* H264encoder.m in Sources */ = {isa = PBXBuildFile; fileRef = 4FE6A4E11EB9D94400F34F4C /* H264encoder.m */; };
		4FE6A4E51EBA3B4500F34F4C /* VideoCapture.m in Sources */ = {isa = PBXBuildFile; fileRef = 4FE6A4E41EBA3B4500F34F4C /* VideoCapture.m */; };
/* End PBXBuildFile section */

/* Begin PBXFileReference section */
		4FE6A4C51EB9D8CF00F34F4C /* H264Encode.app */ = {isa = PBXFileReference; explicitFileType = wrapper.application; includeInIndex = 0; path = H264Encode.app; sourceTree = BUILT_PRODUCTS_DIR; };
		4FE6A4C91EB9D8CF00F34F4C /* main.m */ = {isa = PBXFileReference; lastKnownFileType = sourcecode.c.objc; path = main.m; sourceTree = "<group>"; };
		4FE6A4CB1EB9D8CF00F34F4C /* AppDelegate.h */ = {isa = PBXFileReference; lastKnownFileType = sourcecode.c.h; path = AppDelegate.h; sourceTree = "<group>"; };
		4FE6A4CC1EB9D8CF00F34F4C /* AppDelegate.m */ = {isa = PBXFileReference; lastKnownFileType = sourcecode.c.objc; path = AppDelegate.m; sourceTree = "<group>"; };
		4FE6A4CE1EB9D8CF00F34F4C /* ViewController.h */ = {isa = PBXFileReference; lastKnownFileType = sourcecode.c.h; path = ViewController.h; sourceTree = "<group>"; };
		4FE6A4CF1EB9D8CF00F34F4C /* ViewController.m */ = {isa = PBXFileReference; lastKnownFileType = sourcecode.c.objc; path = ViewController.m; sourceTree = "<group>"; };
		4FE6A4D21EB9D8CF00F34F4C /* Base */ = {isa = PBXFileReference; lastKnownFileType = file.storyboard; name = Base; path = Base.lproj/Main.storyboard; sourceTree = "<group>"; };
		4FE6A4D41EB9D8CF00F34F4C /* Assets.xcassets */ = {isa = PBXFileReference; lastKnownFileType = folder.assetcatalog; path = Assets.xcassets; sourceTree = "<group>"; };
		4FE6A4D71EB9D8CF00F34F4C /* Base */ = {isa = PBXFileReference; lastKnownFileType = file.storyboard; name = Base; path = Base.lproj/LaunchScreen.storyboard; sourceTree = "<group>"; };
		4FE6A4D91EB9D8CF00F34F4C /* Info.plist */ = {isa = PBXFileReference; lastKnownFileType = text.plist.xml; path = Info.plist; sourceTree = "<group>"; };
		4FE6A4E01EB9D94400F34F4C /* H264encoder.h */ = {isa = PBXFileReference; fileEncoding = 4; lastKnownFileType = sourcecode.c.h; path = H264encoder.h; sourceTree = "<group>"; };
		4FE6A4E11EB9D94400F34F4C /* H264encoder.m */ = {isa = PBXFileReference; fileEncoding = 4; lastKnownFileType = sourcecode.c.objc; path = H264encoder.m; sourceTree = "<group>"; };
		4FE6A4E31EBA3B4500F34F4C /* VideoCapture.h */ = {isa = PBXFileReference; fileEncoding = 4; lastKnownFileType = sourcecode.c.h; path = VideoCapture.h; sourceTree = "<group>"; };
		4FE6A4E41EBA3B4500F34F4C /* VideoCapture.m */ = {isa = PBXFileReference; fileEncoding = 4; lastKnownFileType = sourcecode.c.objc; path = VideoCapture.m; sourceTree = "<group>"; };
/* End PBXFileReference section */

/* Begin PBXFrameworksBuildPhase section */
		4FE6A4C21EB9D8CF00F34F4C /* Frameworks */ = {
			isa = PBXFrameworksBuildPhase;
			buildActionMask = 2147483647;
			files = (
			);
			runOnlyForDeploymentPostprocessing = 0;
		};
/* End PBXFrameworksBuildPhase section */

/* Begin PBXGroup section */
		4FE6A4BC1EB9D8CF00F34F4C = {
			isa = PBXGroup;
			children = (
				4FE6A4C71EB9D8CF00F34F4C /* H264Encode */,
				4FE6A4C61EB9D8CF00F34F4C /* Products */,
			);
			sourceTree = "<group>";
		};
		4FE6A4C61EB9D8CF00F34F4C /* Products */ = {
			isa = PBXGroup;
			children = (
				4FE6A4C51EB9D8CF00F34F4C /* H264Encode.app */,
			);
			name = Products;
			sourceTree = "<group>";
		};
		4FE6A4C71EB9D8CF00F34F4C /* H264Encode */ = {
			isa = PBXGroup;
			children = (
				4FE6A4DF1EB9D91700F34F4C /* RMEncoder */,
				4FE6A4CB1EB9D8CF00F34F4C /* AppDelegate.h */,
				4FE6A4CC1EB9D8CF00F34F4C /* AppDelegate.m */,
				4FE6A4CE1EB9D8CF00F34F4C /* ViewController.h */,
				4FE6A4CF1EB9D8CF00F34F4C /* ViewController.m */,
				4FE6A4D11EB9D8CF00F34F4C /* Main.storyboard */,
				4FE6A4D41EB9D8CF00F34F4C /* Assets.xcassets */,
				4FE6A4D61EB9D8CF00F34F4C /* LaunchScreen.storyboard */,
				4FE6A4D91EB9D8CF00F34F4C /* Info.plist */,
				4FE6A4C81EB9D8CF00F34F4C /* Supporting Files */,
			);
			path = H264Encode;
			sourceTree = "<group>";
		};
		4FE6A4C81EB9D8CF00F34F4C /* Supporting Files */ = {
			isa = PBXGroup;
			children = (
				4FE6A4C91EB9D8CF00F34F4C /* main.m */,
			);
			name = "Supporting Files";
			sourceTree = "<group>";
		};
		4FE6A4DF1EB9D91700F34F4C /* RMEncoder */ = {
			isa = PBXGroup;
			children = (
				4FE6A4E31EBA3B4500F34F4C /* VideoCapture.h */,
				4FE6A4E41EBA3B4500F34F4C /* VideoCapture.m */,
				4FE6A4E01EB9D94400F34F4C /* H264encoder.h */,
				4FE6A4E11EB9D94400F34F4C /* H264encoder.m */,
			);
			path = RMEncoder;
			sourceTree = "<group>";
		};
/* End PBXGroup section */

/* Begin PBXNativeTarget section */
		4FE6A4C41EB9D8CF00F34F4C /* H264Encode */ = {
			isa = PBXNativeTarget;
			buildConfigurationList = 4FE6A4DC1EB9D8CF00F34F4C /* Build configuration list for PBXNativeTarget "H264Encode" */;
			buildPhases = (
				4FE6A4C11EB9D8CF00F34F4C /* Sources */,
				4FE6A4C21EB9D8CF00F34F4C /* Frameworks */,
				4FE6A4C31EB9D8CF00F34F4C /* Resources */,
			);
			buildRules = (
			);
			dependencies = (
			);
			name = H264Encode;
			productName = H264Encode;
			productReference = 4FE6A4C51EB9D8CF00F34F4C /* H264Encode.app */;
			productType = "com.apple.product-type.application";
		};
/* End PBXNativeTarget section */

/* Begin PBXProject section */
		4FE6A4BD1EB9D8CF00F34F4C /* Project object */ = {
			isa = PBXProject;
			attributes = {
				LastUpgradeCheck = 0830;
				ORGANIZATIONNAME = RM;
				TargetAttributes = {
					4FE6A4C41EB9D8CF00F34F4C = {
						CreatedOnToolsVersion = 8.3.2;
						DevelopmentTeam = W4X3VBHDY6;
						ProvisioningStyle = Automatic;
					};
				};
			};
			buildConfigurationList = 4FE6A4C01EB9D8CF00F34F4C /* Build configuration list for PBXProject "H264Encode" */;
			compatibilityVersion = "Xcode 3.2";
			developmentRegion = English;
			hasScannedForEncodings = 0;
			knownRegions = (
				en,
				Base,
			);
			mainGroup = 4FE6A4BC1EB9D8CF00F34F4C;
			productRefGroup = 4FE6A4C61EB9D8CF00F34F4C /* Products */;
			projectDirPath = "";
			projectRoot = "";
			targets = (
				4FE6A4C41EB9D8CF00F34F4C /* H264Encode */,
			);
		};
/* End PBXProject section */

/* Begin PBXResourcesBuildPhase section */
		4FE6A4C31EB9D8CF00F34F4C /* Resources */ = {
			isa = PBXResourcesBuildPhase;
			buildActionMask = 2147483647;
			files = (
				4FE6A4D81EB9D8CF00F34F4C /* LaunchScreen.storyboard in Resources */,
				4FE6A4D51EB9D8CF00F34F4C /* Assets.xcassets in Resources */,
				4FE6A4D31EB9D8CF00F34F4C /* Main.storyboard in Resources */,
			);
			runOnlyForDeploymentPostprocessing = 0;
		};
/* End PBXResourcesBuildPhase section */

/* Begin PBXSourcesBuildPhase section */
		4FE6A4C11EB9D8CF00F34F4C /* Sources */ = {
			isa = PBXSourcesBuildPhase;
			buildActionMask = 2147483647;
			files = (
				4FE6A4E51EBA3B4500F34F4C /* VideoCapture.m in Sources */,
				4FE6A4E21EB9D94400F34F4C /* H264encoder.m in Sources */,
				4FE6A4D01EB9D8CF00F34F4C /* ViewController.m in Sources */,
				4FE6A4CD1EB9D8CF00F34F4C /* AppDelegate.m in Sources */,
				4FE6A4CA1EB9D8CF00F34F4C /* main.m in Sources */,
			);
			runOnlyForDeploymentPostprocessing = 0;
		};
/* End PBXSourcesBuildPhase section */

/* Begin PBXVariantGroup section */
		4FE6A4D11EB9D8CF00F34F4C /* Main.storyboard */ = {
			isa = PBXVariantGroup;
			children = (
				4FE6A4D21EB9D8CF00F34F4C /* Base */,
			);
			name = Main.storyboard;
			sourceTree = "<group>";
		};
		4FE6A4D61EB9D8CF00F34F4C /* LaunchScreen.storyboard */ = {
			isa = PBXVariantGroup;
			children = (
				4FE6A4D71EB9D8CF00F34F4C /* Base */,
			);
			name = LaunchScreen.storyboard;
			sourceTree = "<group>";
		};
/* End PBXVariantGroup section */

/* Begin XCBuildConfiguration section */
		4FE6A4DA1EB9D8CF00F34F4C /* Debug */ = {
			isa = XCBuildConfiguration;
			buildSettings = {
				ALWAYS_SEARCH_USER_PATHS = NO;
				CLANG_ANALYZER_NONNULL = YES;
				CLANG_ANALYZER_NUMBER_OBJECT_CONVERSION = YES_AGGRESSIVE;
				CLANG_CXX_LANGUAGE_STANDARD = "gnu++0x";
				CLANG_CXX_LIBRARY = "libc++";
				CLANG_ENABLE_MODULES = YES;
				CLANG_ENABLE_OBJC_ARC = YES;
				CLANG_WARN_BOOL_CONVERSION = YES;
				CLANG_WARN_CONSTANT_CONVERSION = YES;
				CLANG_WARN_DIRECT_OBJC_ISA_USAGE = YES_ERROR;
				CLANG_WARN_DOCUMENTATION_COMMENTS = YES;
				CLANG_WARN_EMPTY_BODY = YES;
				CLANG_WARN_ENUM_CONVERSION = YES;
				CLANG_WARN_INFINITE_RECURSION = YES;
				CLANG_WARN_INT_CONVERSION = YES;
				CLANG_WARN_OBJC_ROOT_CLASS = YES_ERROR;
				CLANG_WARN_SUSPICIOUS_MOVE = YES;
				CLANG_WARN_UNREACHABLE_CODE = YES;
				CLANG_WARN__DUPLICATE_METHOD_MATCH = YES;
				"CODE_SIGN_IDENTITY[sdk=iphoneos*]" = "iPhone Developer";
				COPY_PHASE_STRIP = NO;
				DEBUG_INFORMATION_FORMAT = dwarf;
				ENABLE_STRICT_OBJC_MSGSEND = YES;
				ENABLE_TESTABILITY = YES;
				GCC_C_LANGUAGE_STANDARD = gnu99;
				GCC_DYNAMIC_NO_PIC = NO;
				GCC_NO_COMMON_BLOCKS = YES;
				GCC_OPTIMIZATION_LEVEL = 0;
				GCC_PREPROCESSOR_DEFINITIONS = (
					"DEBUG=1",
					"$(inherited)",
				);
				GCC_WARN_64_TO_32_BIT_CONVERSION = YES;
				GCC_WARN_ABOUT_RETURN_TYPE = YES_ERROR;
				GCC_WARN_UNDECLARED_SELECTOR = YES;
				GCC_WARN_UNINITIALIZED_AUTOS = YES_AGGRESSIVE;
				GCC_WARN_UNUSED_FUNCTION = YES;
				GCC_WARN_UNUSED_VARIABLE = YES;
				IPHONEOS_DEPLOYMENT_TARGET = 10.3;
				MTL_ENABLE_DEBUG_INFO = YES;
				ONLY_ACTIVE_ARCH = YES;
				SDKROOT = iphoneos;
			};
			name = Debug;
		};
		4FE6A4DB1EB9D8CF00F34F4C /* Release */ = {
			isa = XCBuildConfiguration;
			buildSettings = {
				ALWAYS_SEARCH_USER_PATHS = NO;
				CLANG_ANALYZER_NONNULL = YES;
				CLANG_ANALYZER_NUMBER_OBJECT_CONVERSION = YES_AGGRESSIVE;
				CLANG_CXX_LANGUAGE_STANDARD = "gnu++0x";
				CLANG_CXX_LIBRARY = "libc++";
				CLANG_ENABLE_MODULES = YES;
				CLANG_ENABLE_OBJC_ARC = YES;
				CLANG_WARN_BOOL_CONVERSION = YES;
				CLANG_WARN_CONSTANT_CONVERSION = YES;
				CLANG_WARN_DIRECT_OBJC_ISA_USAGE = YES_ERROR;
				CLANG_WARN_DOCUMENTATION_COMMENTS = YES;
				CLANG_WARN_EMPTY_BODY = YES;
				CLANG_WARN_ENUM_CONVERSION = YES;
				CLANG_WARN_INFINITE_RECURSION = YES;
				CLANG_WARN_INT_CONVERSION = YES;
				CLANG_WARN_OBJC_ROOT_CLASS = YES_ERROR;
				CLANG_WARN_SUSPICIOUS_MOVE = YES;
				CLANG_WARN_UNREACHABLE_CODE = YES;
				CLANG_WARN__DUPLICATE_METHOD_MATCH = YES;
				"CODE_SIGN_IDENTITY[sdk=iphoneos*]" = "iPhone Developer";
				COPY_PHASE_STRIP = NO;
				DEBUG_INFORMATION_FORMAT = "dwarf-with-dsym";
				ENABLE_NS_ASSERTIONS = NO;
				ENABLE_STRICT_OBJC_MSGSEND = YES;
				GCC_C_LANGUAGE_STANDARD = gnu99;
				GCC_NO_COMMON_BLOCKS = YES;
				GCC_WARN_64_TO_32_BIT_CONVERSION = YES;
				GCC_WARN_ABOUT_RETURN_TYPE = YES_ERROR;
				GCC_WARN_UNDECLARED_SELECTOR = YES;
				GCC_WARN_UNINITIALIZED_AUTOS = YES_AGGRESSIVE;
				GCC_WARN_UNUSED_FUNCTION = YES;
				GCC_WARN_UNUSED_VARIABLE = YES;
				IPHONEOS_DEPLOYMENT_TARGET = 10.3;
				MTL_ENABLE_DEBUG_INFO = NO;
				SDKROOT = iphoneos;
				VALIDATE_PRODUCT = YES;
			};
			name = Release;
		};
		4FE6A4DD1EB9D8CF00F34F4C /* Debug */ = {
			isa = XCBuildConfiguration;
			buildSettings = {
				ASSETCATALOG_COMPILER_APPICON_NAME = AppIcon;
				DEVELOPMENT_TEAM = W4X3VBHDY6;
				INFOPLIST_FILE = H264Encode/Info.plist;
				IPHONEOS_DEPLOYMENT_TARGET = 8.0;
				LD_RUNPATH_SEARCH_PATHS = "$(inherited) @executable_path/Frameworks";
				PRODUCT_BUNDLE_IDENTIFIER = cn.Kitty.Technology.org.H264Encode;
				PRODUCT_NAME = "$(TARGET_NAME)";
			};
			name = Debug;
		};
		4FE6A4DE1EB9D8CF00F34F4C /* Release */ = {
			isa = XCBuildConfiguration;
			buildSettings = {
				ASSETCATALOG_COMPILER_APPICON_NAME = AppIcon;
				DEVELOPMENT_TEAM = W4X3VBHDY6;
				INFOPLIST_FILE = H264Encode/Info.plist;
				IPHONEOS_DEPLOYMENT_TARGET = 8.0;
				LD_RUNPATH_SEARCH_PATHS = "$(inherited) @executable_path/Frameworks";
				PRODUCT_BUNDLE_IDENTIFIER = cn.Kitty.Technology.org.H264Encode;
				PRODUCT_NAME = "$(TARGET_NAME)";
			};
			name = Release;
		};
/* End XCBuildConfiguration section */

/* Begin XCConfigurationList section */
		4FE6A4C01EB9D8CF00F34F4C /* Build configuration list for PBXProject "H264Encode" */ = {
			isa = XCConfigurationList;
			buildConfigurations = (
				4FE6A4DA1EB9D8CF00F34F4C /* Debug */,
				4FE6A4DB1EB9D8CF00F34F4C /* Release */,
			);
			defaultConfigurationIsVisible = 0;
			defaultConfigurationName = Release;
		};
		4FE6A4DC1EB9D8CF00F34F4C /* Build configuration list for PBXNativeTarget "H264Encode" */ = {
			isa = XCConfigurationList;
			buildConfigurations = (
				4FE6A4DD1EB9D8CF00F34F4C /* Debug */,
				4FE6A4DE1EB9D8CF00F34F4C /* Release */,
			);
			defaultConfigurationIsVisible = 0;
		};
/* End XCConfigurationList section */
	};
	rootObject = 4FE6A4BD1EB9D8CF00F34F4C /* Project object */;
}
